// !$*UTF8*$!
{
	archiveVersion = 1;
	classes = {
	};
	objectVersion = 50;
	objects = {

/* Begin PBXBuildFile section */
		27159F013081DEC253A7944C /* libPods-ZQUIKitChainToolSwiftDemo.a in Frameworks */ = {isa = PBXBuildFile; fileRef = E4BA72099D24108E21D81C99 /* libPods-ZQUIKitChainToolSwiftDemo.a */; };
		2B0C1512233CBC4600F62823 /* AppDelegate.swift in Sources */ = {isa = PBXBuildFile; fileRef = 2B0C1511233CBC4600F62823 /* AppDelegate.swift */; };
		2B0C1516233CBC4600F62823 /* ViewController.swift in Sources */ = {isa = PBXBuildFile; fileRef = 2B0C1515233CBC4600F62823 /* ViewController.swift */; };
		2B0C151B233CBC5800F62823 /* Assets.xcassets in Resources */ = {isa = PBXBuildFile; fileRef = 2B0C151A233CBC5800F62823 /* Assets.xcassets */; };
		2B0C151E233CBC5800F62823 /* LaunchScreen.storyboard in Resources */ = {isa = PBXBuildFile; fileRef = 2B0C151C233CBC5800F62823 /* LaunchScreen.storyboard */; };
/* End PBXBuildFile section */

/* Begin PBXFileReference section */
		2B0C150E233CBC4600F62823 /* ZQUIKitChainToolSwiftDemo.app */ = {isa = PBXFileReference; explicitFileType = wrapper.application; includeInIndex = 0; path = ZQUIKitChainToolSwiftDemo.app; sourceTree = BUILT_PRODUCTS_DIR; };
		2B0C1511233CBC4600F62823 /* AppDelegate.swift */ = {isa = PBXFileReference; lastKnownFileType = sourcecode.swift; path = AppDelegate.swift; sourceTree = "<group>"; };
		2B0C1515233CBC4600F62823 /* ViewController.swift */ = {isa = PBXFileReference; lastKnownFileType = sourcecode.swift; path = ViewController.swift; sourceTree = "<group>"; };
		2B0C151A233CBC5800F62823 /* Assets.xcassets */ = {isa = PBXFileReference; lastKnownFileType = folder.assetcatalog; path = Assets.xcassets; sourceTree = "<group>"; };
		2B0C151D233CBC5800F62823 /* Base */ = {isa = PBXFileReference; lastKnownFileType = file.storyboard; name = Base; path = Base.lproj/LaunchScreen.storyboard; sourceTree = "<group>"; };
		2B0C151F233CBC5800F62823 /* Info.plist */ = {isa = PBXFileReference; lastKnownFileType = text.plist.xml; path = Info.plist; sourceTree = "<group>"; };
		5E5ED2D4A0AC85CC41997DEE /* Pods-ZQUIKitChainToolSwiftDemo.debug.xcconfig */ = {isa = PBXFileReference; includeInIndex = 1; lastKnownFileType = text.xcconfig; name = "Pods-ZQUIKitChainToolSwiftDemo.debug.xcconfig"; path = "Target Support Files/Pods-ZQUIKitChainToolSwiftDemo/Pods-ZQUIKitChainToolSwiftDemo.debug.xcconfig"; sourceTree = "<group>"; };
		D4AB1661EBA9237BFFD856A5 /* Pods-ZQUIKitChainToolSwiftDemo.release.xcconfig */ = {isa = PBXFileReference; includeInIndex = 1; lastKnownFileType = text.xcconfig; name = "Pods-ZQUIKitChainToolSwiftDemo.release.xcconfig"; path = "Target Support Files/Pods-ZQUIKitChainToolSwiftDemo/Pods-ZQUIKitChainToolSwiftDemo.release.xcconfig"; sourceTree = "<group>"; };
		E4BA72099D24108E21D81C99 /* libPods-ZQUIKitChainToolSwiftDemo.a */ = {isa = PBXFileReference; explicitFileType = archive.ar; includeInIndex = 0; path = "libPods-ZQUIKitChainToolSwiftDemo.a"; sourceTree = BUILT_PRODUCTS_DIR; };
/* End PBXFileReference section */

/* Begin PBXFrameworksBuildPhase section */
		2B0C150B233CBC4600F62823 /* Frameworks */ = {
			isa = PBXFrameworksBuildPhase;
			buildActionMask = 2147483647;
			files = (
				27159F013081DEC253A7944C /* libPods-ZQUIKitChainToolSwiftDemo.a in Frameworks */,
			);
			runOnlyForDeploymentPostprocessing = 0;
		};
/* End PBXFrameworksBuildPhase section */

/* Begin PBXGroup section */
		2B0C1505233CBC4600F62823 = {
			isa = PBXGroup;
			children = (
				2B0C1510233CBC4600F62823 /* ZQUIKitChainToolSwiftDemo */,
				2B0C150F233CBC4600F62823 /* Products */,
				F3E09D53CE1B5BBDCB0A4825 /* Pods */,
				DAB075A0AFD4FFC916D94E07 /* Frameworks */,
			);
			sourceTree = "<group>";
		};
		2B0C150F233CBC4600F62823 /* Products */ = {
			isa = PBXGroup;
			children = (
				2B0C150E233CBC4600F62823 /* ZQUIKitChainToolSwiftDemo.app */,
			);
			name = Products;
			sourceTree = "<group>";
		};
		2B0C1510233CBC4600F62823 /* ZQUIKitChainToolSwiftDemo */ = {
			isa = PBXGroup;
			children = (
				2B0C1511233CBC4600F62823 /* AppDelegate.swift */,
				2B0C1515233CBC4600F62823 /* ViewController.swift */,
				2B0C151A233CBC5800F62823 /* Assets.xcassets */,
				2B0C151C233CBC5800F62823 /* LaunchScreen.storyboard */,
				2B0C151F233CBC5800F62823 /* Info.plist */,
			);
			path = ZQUIKitChainToolSwiftDemo;
			sourceTree = "<group>";
		};
		DAB075A0AFD4FFC916D94E07 /* Frameworks */ = {
			isa = PBXGroup;
			children = (
				E4BA72099D24108E21D81C99 /* libPods-ZQUIKitChainToolSwiftDemo.a */,
			);
			name = Frameworks;
			sourceTree = "<group>";
		};
		F3E09D53CE1B5BBDCB0A4825 /* Pods */ = {
			isa = PBXGroup;
			children = (
				5E5ED2D4A0AC85CC41997DEE /* Pods-ZQUIKitChainToolSwiftDemo.debug.xcconfig */,
				D4AB1661EBA9237BFFD856A5 /* Pods-ZQUIKitChainToolSwiftDemo.release.xcconfig */,
			);
			path = Pods;
			sourceTree = "<group>";
		};
/* End PBXGroup section */

/* Begin PBXNativeTarget section */
		2B0C150D233CBC4600F62823 /* ZQUIKitChainToolSwiftDemo */ = {
			isa = PBXNativeTarget;
			buildConfigurationList = 2B0C1522233CBC5800F62823 /* Build configuration list for PBXNativeTarget "ZQUIKitChainToolSwiftDemo" */;
			buildPhases = (
				5BED4FF738DD3AC27E15E69F /* [CP] Check Pods Manifest.lock */,
				2B0C150A233CBC4600F62823 /* Sources */,
				2B0C150B233CBC4600F62823 /* Frameworks */,
				2B0C150C233CBC4600F62823 /* Resources */,
			);
			buildRules = (
			);
			dependencies = (
			);
			name = ZQUIKitChainToolSwiftDemo;
			productName = ZQUIKitChainToolSwiftDemo;
			productReference = 2B0C150E233CBC4600F62823 /* ZQUIKitChainToolSwiftDemo.app */;
			productType = "com.apple.product-type.application";
		};
/* End PBXNativeTarget section */

/* Begin PBXProject section */
		2B0C1506233CBC4600F62823 /* Project object */ = {
			isa = PBXProject;
			attributes = {
				LastSwiftUpdateCheck = 1100;
				LastUpgradeCheck = 1100;
				ORGANIZATIONNAME = caozhiqiang;
				TargetAttributes = {
					2B0C150D233CBC4600F62823 = {
						CreatedOnToolsVersion = 11.0;
					};
				};
			};
			buildConfigurationList = 2B0C1509233CBC4600F62823 /* Build configuration list for PBXProject "ZQUIKitChainToolSwiftDemo" */;
			compatibilityVersion = "Xcode 9.3";
			developmentRegion = en;
			hasScannedForEncodings = 0;
			knownRegions = (
				en,
				Base,
			);
			mainGroup = 2B0C1505233CBC4600F62823;
			productRefGroup = 2B0C150F233CBC4600F62823 /* Products */;
			projectDirPath = "";
			projectRoot = "";
			targets = (
				2B0C150D233CBC4600F62823 /* ZQUIKitChainToolSwiftDemo */,
			);
		};
/* End PBXProject section */

/* Begin PBXResourcesBuildPhase section */
		2B0C150C233CBC4600F62823 /* Resources */ = {
			isa = PBXResourcesBuildPhase;
			buildActionMask = 2147483647;
			files = (
				2B0C151E233CBC5800F62823 /* LaunchScreen.storyboard in Resources */,
				2B0C151B233CBC5800F62823 /* Assets.xcassets in Resources */,
			);
			runOnlyForDeploymentPostprocessing = 0;
		};
/* End PBXResourcesBuildPhase section */

/* Begin PBXShellScriptBuildPhase section */
		5BED4FF738DD3AC27E15E69F /* [CP] Check Pods Manifest.lock */ = {
			isa = PBXShellScriptBuildPhase;
			buildActionMask = 2147483647;
			files = (
			);
			inputFileListPaths = (
			);
			inputPaths = (
				"${PODS_PODFILE_DIR_PATH}/Podfile.lock",
				"${PODS_ROOT}/Manifest.lock",
			);
			name = "[CP] Check Pods Manifest.lock";
			outputFileListPaths = (
			);
			outputPaths = (
				"$(DERIVED_FILE_DIR)/Pods-ZQUIKitChainToolSwiftDemo-checkManifestLockResult.txt",
			);
			runOnlyForDeploymentPostprocessing = 0;
			shellPath = /bin/sh;
			shellScript = "diff \"${PODS_PODFILE_DIR_PATH}/Podfile.lock\" \"${PODS_ROOT}/Manifest.lock\" > /dev/null\nif [ $? != 0 ] ; then\n    # print error to STDERR\n    echo \"error: The sandbox is not in sync with the Podfile.lock. Run 'pod install' or update your CocoaPods installation.\" >&2\n    exit 1\nfi\n# This output is used by Xcode 'outputs' to avoid re-running this script phase.\necho \"SUCCESS\" > \"${SCRIPT_OUTPUT_FILE_0}\"\n";
			showEnvVarsInLog = 0;
		};
/* End PBXShellScriptBuildPhase section */

/* Begin PBXSourcesBuildPhase section */
		2B0C150A233CBC4600F62823 /* Sources */ = {
			isa = PBXSourcesBuildPhase;
			buildActionMask = 2147483647;
			files = (
				2B0C1516233CBC4600F62823 /* ViewController.swift in Sources */,
				2B0C1512233CBC4600F62823 /* AppDelegate.swift in Sources */,
			);
			runOnlyForDeploymentPostprocessing = 0;
		};
/* End PBXSourcesBuildPhase section */

/* Begin PBXVariantGroup section */
		2B0C151C233CBC5800F62823 /* LaunchScreen.storyboard */ = {
			isa = PBXVariantGroup;
			children = (
				2B0C151D233CBC5800F62823 /* Base */,
			);
			name = LaunchScreen.storyboard;
			sourceTree = "<group>";
		};
/* End PBXVariantGroup section */

/* Begin XCBuildConfiguration section */
		2B0C1520233CBC5800F62823 /* Debug */ = {
			isa = XCBuildConfiguration;
			buildSettings = {
				ALWAYS_SEARCH_USER_PATHS = NO;
				CLANG_ANALYZER_NONNULL = YES;
				CLANG_ANALYZER_NUMBER_OBJECT_CONVERSION = YES_AGGRESSIVE;
				CLANG_CXX_LANGUAGE_STANDARD = "gnu++14";
				CLANG_CXX_LIBRARY = "libc++";
				CLANG_ENABLE_MODULES = YES;
				CLANG_ENABLE_OBJC_ARC = YES;
				CLANG_ENABLE_OBJC_WEAK = YES;
				CLANG_WARN_BLOCK_CAPTURE_AUTORELEASING = YES;
				CLANG_WARN_BOOL_CONVERSION = YES;
				CLANG_WARN_COMMA = YES;
				CLANG_WARN_CONSTANT_CONVERSION = YES;
				CLANG_WARN_DEPRECATED_OBJC_IMPLEMENTATIONS = YES;
				CLANG_WARN_DIRECT_OBJC_ISA_USAGE = YES_ERROR;
				CLANG_WARN_DOCUMENTATION_COMMENTS = YES;
				CLANG_WARN_EMPTY_BODY = YES;
				CLANG_WARN_ENUM_CONVERSION = YES;
				CLANG_WARN_INFINITE_RECURSION = YES;
				CLANG_WARN_INT_CONVERSION = YES;
				CLANG_WARN_NON_LITERAL_NULL_CONVERSION = YES;
				CLANG_WARN_OBJC_IMPLICIT_RETAIN_SELF = YES;
				CLANG_WARN_OBJC_LITERAL_CONVERSION = YES;
				CLANG_WARN_OBJC_ROOT_CLASS = YES_ERROR;
				CLANG_WARN_RANGE_LOOP_ANALYSIS = YES;
				CLANG_WARN_STRICT_PROTOTYPES = YES;
				CLANG_WARN_SUSPICIOUS_MOVE = YES;
				CLANG_WARN_UNGUARDED_AVAILABILITY = YES_AGGRESSIVE;
				CLANG_WARN_UNREACHABLE_CODE = YES;
				CLANG_WARN__DUPLICATE_METHOD_MATCH = YES;
				COPY_PHASE_STRIP = NO;
				DEBUG_INFORMATION_FORMAT = dwarf;
				ENABLE_STRICT_OBJC_MSGSEND = YES;
				ENABLE_TESTABILITY = YES;
				GCC_C_LANGUAGE_STANDARD = gnu11;
				GCC_DYNAMIC_NO_PIC = NO;
				GCC_NO_COMMON_BLOCKS = YES;
				GCC_OPTIMIZATION_LEVEL = 0;
				GCC_PREPROCESSOR_DEFINITIONS = (
					"DEBUG=1",
					"$(inherited)",
				);
				GCC_WARN_64_TO_32_BIT_CONVERSION = YES;
				GCC_WARN_ABOUT_RETURN_TYPE = YES_ERROR;
				GCC_WARN_UNDECLARED_SELECTOR = YES;
				GCC_WARN_UNINITIALIZED_AUTOS = YES_AGGRESSIVE;
				GCC_WARN_UNUSED_FUNCTION = YES;
				GCC_WARN_UNUSED_VARIABLE = YES;
				IPHONEOS_DEPLOYMENT_TARGET = 13.0;
				MTL_ENABLE_DEBUG_INFO = INCLUDE_SOURCE;
				MTL_FAST_MATH = YES;
				ONLY_ACTIVE_ARCH = YES;
				SDKROOT = iphoneos;
				SWIFT_ACTIVE_COMPILATION_CONDITIONS = DEBUG;
				SWIFT_OPTIMIZATION_LEVEL = "-Onone";
			};
			name = Debug;
		};
		2B0C1521233CBC5800F62823 /* Release */ = {
			isa = XCBuildConfiguration;
			buildSettings = {
				ALWAYS_SEARCH_USER_PATHS = NO;
				CLANG_ANALYZER_NONNULL = YES;
				CLANG_ANALYZER_NUMBER_OBJECT_CONVERSION = YES_AGGRESSIVE;
				CLANG_CXX_LANGUAGE_STANDARD = "gnu++14";
				CLANG_CXX_LIBRARY = "libc++";
				CLANG_ENABLE_MODULES = YES;
				CLANG_ENABLE_OBJC_ARC = YES;
				CLANG_ENABLE_OBJC_WEAK = YES;
				CLANG_WARN_BLOCK_CAPTURE_AUTORELEASING = YES;
				CLANG_WARN_BOOL_CONVERSION = YES;
				CLANG_WARN_COMMA = YES;
				CLANG_WARN_CONSTANT_CONVERSION = YES;
				CLANG_WARN_DEPRECATED_OBJC_IMPLEMENTATIONS = YES;
				CLANG_WARN_DIRECT_OBJC_ISA_USAGE = YES_ERROR;
				CLANG_WARN_DOCUMENTATION_COMMENTS = YES;
				CLANG_WARN_EMPTY_BODY = YES;
				CLANG_WARN_ENUM_CONVERSION = YES;
				CLANG_WARN_INFINITE_RECURSION = YES;
				CLANG_WARN_INT_CONVERSION = YES;
				CLANG_WARN_NON_LITERAL_NULL_CONVERSION = YES;
				CLANG_WARN_OBJC_IMPLICIT_RETAIN_SELF = YES;
				CLANG_WARN_OBJC_LITERAL_CONVERSION = YES;
				CLANG_WARN_OBJC_ROOT_CLASS = YES_ERROR;
				CLANG_WARN_RANGE_LOOP_ANALYSIS = YES;
				CLANG_WARN_STRICT_PROTOTYPES = YES;
				CLANG_WARN_SUSPICIOUS_MOVE = YES;
				CLANG_WARN_UNGUARDED_AVAILABILITY = YES_AGGRESSIVE;
				CLANG_WARN_UNREACHABLE_CODE = YES;
				CLANG_WARN__DUPLICATE_METHOD_MATCH = YES;
				COPY_PHASE_STRIP = NO;
				DEBUG_INFORMATION_FORMAT = "dwarf-with-dsym";
				ENABLE_NS_ASSERTIONS = NO;
				ENABLE_STRICT_OBJC_MSGSEND = YES;
				GCC_C_LANGUAGE_STANDARD = gnu11;
				GCC_NO_COMMON_BLOCKS = YES;
				GCC_WARN_64_TO_32_BIT_CONVERSION = YES;
				GCC_WARN_ABOUT_RETURN_TYPE = YES_ERROR;
				GCC_WARN_UNDECLARED_SELECTOR = YES;
				GCC_WARN_UNINITIALIZED_AUTOS = YES_AGGRESSIVE;
				GCC_WARN_UNUSED_FUNCTION = YES;
				GCC_WARN_UNUSED_VARIABLE = YES;
				IPHONEOS_DEPLOYMENT_TARGET = 13.0;
				MTL_ENABLE_DEBUG_INFO = NO;
				MTL_FAST_MATH = YES;
				SDKROOT = iphoneos;
				SWIFT_COMPILATION_MODE = wholemodule;
				SWIFT_OPTIMIZATION_LEVEL = "-O";
				VALIDATE_PRODUCT = YES;
			};
			name = Release;
		};
		2B0C1523233CBC5800F62823 /* Debug */ = {
			isa = XCBuildConfiguration;
			baseConfigurationReference = 5E5ED2D4A0AC85CC41997DEE /* Pods-ZQUIKitChainToolSwiftDemo.debug.xcconfig */;
			buildSettings = {
				ASSETCATALOG_COMPILER_APPICON_NAME = AppIcon;
				CODE_SIGN_IDENTITY = "iPhone Developer";
				CODE_SIGN_STYLE = Manual;
				DEVELOPMENT_TEAM = 29C5EDQ3MS;
				INFOPLIST_FILE = ZQUIKitChainToolSwiftDemo/Info.plist;
				IPHONEOS_DEPLOYMENT_TARGET = 9.0;
				LD_RUNPATH_SEARCH_PATHS = (
					"$(inherited)",
					"@executable_path/Frameworks",
				);
				MARKETING_VERSION = 1.0.0;
				PRODUCT_BUNDLE_IDENTIFIER = sec.wanmei.net.swift;
				PRODUCT_NAME = "$(TARGET_NAME)";
				PROVISIONING_PROFILE_SPECIFIER = TeamDev;
				SWIFT_VERSION = 5.0;
				TARGETED_DEVICE_FAMILY = "1,2";
			};
			name = Debug;
		};
		2B0C1524233CBC5800F62823 /* Release */ = {
			isa = XCBuildConfiguration;
			baseConfigurationReference = D4AB1661EBA9237BFFD856A5 /* Pods-ZQUIKitChainToolSwiftDemo.release.xcconfig */;
			buildSettings = {
				ASSETCATALOG_COMPILER_APPICON_NAME = AppIcon;
				CODE_SIGN_IDENTITY = "iPhone Developer";
				CODE_SIGN_STYLE = Manual;
				DEVELOPMENT_TEAM = 29C5EDQ3MS;
				INFOPLIST_FILE = ZQUIKitChainToolSwiftDemo/Info.plist;
				IPHONEOS_DEPLOYMENT_TARGET = 9.0;
				LD_RUNPATH_SEARCH_PATHS = (
					"$(inherited)",
					"@executable_path/Frameworks",
				);
				MARKETING_VERSION = 1.0.0;
				PRODUCT_BUNDLE_IDENTIFIER = sec.wanmei.net.swift;
				PRODUCT_NAME = "$(TARGET_NAME)";
				PROVISIONING_PROFILE_SPECIFIER = TeamDev;
				SWIFT_VERSION = 5.0;
				TARGETED_DEVICE_FAMILY = "1,2";
			};
			name = Release;
		};
/* End XCBuildConfiguration section */

/* Begin XCConfigurationList section */
		2B0C1509233CBC4600F62823 /* Build configuration list for PBXProject "ZQUIKitChainToolSwiftDemo" */ = {
			isa = XCConfigurationList;
			buildConfigurations = (
				2B0C1520233CBC5800F62823 /* Debug */,
				2B0C1521233CBC5800F62823 /* Release */,
			);
			defaultConfigurationIsVisible = 0;
			defaultConfigurationName = Release;
		};
		2B0C1522233CBC5800F62823 /* Build configuration list for PBXNativeTarget "ZQUIKitChainToolSwiftDemo" */ = {
			isa = XCConfigurationList;
			buildConfigurations = (
				2B0C1523233CBC5800F62823 /* Debug */,
				2B0C1524233CBC5800F62823 /* Release */,
			);
			defaultConfigurationIsVisible = 0;
			defaultConfigurationName = Release;
		};
/* End XCConfigurationList section */
	};
	rootObject = 2B0C1506233CBC4600F62823 /* Project object */;
}
